
Microsoft Visual Studio Solution File, Format Version 12.00
# Visual Studio 14
VisualStudioVersion = 14.0.25123.0
MinimumVisualStudioVersion = 10.0.40219.1
Project("{FAE04EC0-301F-11D3-BF4B-00C04F79EFBC}") = "BookStore.WebUI", "SportsStore.WebUI\BookStore.WebUI.csproj", "{89E0C3F1-09AC-4579-BE34-FD11332F383C}"
EndProject
Project("{FAE04EC0-301F-11D3-BF4B-00C04F79EFBC}") = "BookStore.Domain", "BookStore.Domain\BookStore.Domain.csproj", "{55F6D9E6-06C0-466D-B6C9-63C3459E94CD}"
EndProject
Project("{FAE04EC0-301F-11D3-BF4B-00C04F79EFBC}") = "BookStore.UnitTests", "BookStore.UnitTests\BookStore.UnitTests.csproj", "{EDA177EE-17D3-4D7A-8B04-698A39365805}"
EndProject
Global
	GlobalSection(SolutionConfigurationPlatforms) = preSolution
		Debug|Any CPU = Debug|Any CPU
		Debug|ARM = Debug|ARM
		Debug|x64 = Debug|x64
		Debug|x86 = Debug|x86
		Release|Any CPU = Release|Any CPU
		Release|ARM = Release|ARM
		Release|x64 = Release|x64
		Release|x86 = Release|x86
	EndGlobalSection
	GlobalSection(ProjectConfigurationPlatforms) = postSolution
		{89E0C3F1-09AC-4579-BE34-FD11332F383C}.Debug|Any CPU.ActiveCfg = Debug|Any CPU
		{89E0C3F1-09AC-4579-BE34-FD11332F383C}.Debug|Any CPU.Build.0 = Debug|Any CPU
		{89E0C3F1-09AC-4579-BE34-FD11332F383C}.Debug|ARM.ActiveCfg = Debug|Any CPU
		{89E0C3F1-09AC-4579-BE34-FD11332F383C}.Debug|ARM.Build.0 = Debug|Any CPU
		{89E0C3F1-09AC-4579-BE34-FD11332F383C}.Debug|x64.ActiveCfg = Debug|Any CPU
		{89E0C3F1-09AC-4579-BE34-FD11332F383C}.Debug|x64.Build.0 = Debug|Any CPU
		{89E0C3F1-09AC-4579-BE34-FD11332F383C}.Debug|x86.ActiveCfg = Debug|Any CPU
		{89E0C3F1-09AC-4579-BE34-FD11332F383C}.Debug|x86.Build.0 = Debug|Any CPU
		{89E0C3F1-09AC-4579-BE34-FD11332F383C}.Release|Any CPU.ActiveCfg = Release|Any CPU
		{89E0C3F1-09AC-4579-BE34-FD11332F383C}.Release|Any CPU.Build.0 = Release|Any CPU
		{89E0C3F1-09AC-4579-BE34-FD11332F383C}.Release|ARM.ActiveCfg = Release|Any CPU
		{89E0C3F1-09AC-4579-BE34-FD11332F383C}.Release|ARM.Build.0 = Release|Any CPU
		{89E0C3F1-09AC-4579-BE34-FD11332F383C}.Release|x64.ActiveCfg = Release|Any CPU
		{89E0C3F1-09AC-4579-BE34-FD11332F383C}.Release|x64.Build.0 = Release|Any CPU
		{89E0C3F1-09AC-4579-BE34-FD11332F383C}.Release|x86.ActiveCfg = Release|Any CPU
		{89E0C3F1-09AC-4579-BE34-FD11332F383C}.Release|x86.Build.0 = Release|Any CPU
		{55F6D9E6-06C0-466D-B6C9-63C3459E94CD}.Debug|Any CPU.ActiveCfg = Debug|Any CPU
		{55F6D9E6-06C0-466D-B6C9-63C3459E94CD}.Debug|Any CPU.Build.0 = Debug|Any CPU
		{55F6D9E6-06C0-466D-B6C9-63C3459E94CD}.Debug|ARM.ActiveCfg = Debug|Any CPU
		{55F6D9E6-06C0-466D-B6C9-63C3459E94CD}.Debug|ARM.Build.0 = Debug|Any CPU
		{55F6D9E6-06C0-466D-B6C9-63C3459E94CD}.Debug|x64.ActiveCfg = Debug|Any CPU
		{55F6D9E6-06C0-466D-B6C9-63C3459E94CD}.Debug|x64.Build.0 = Debug|Any CPU
		{55F6D9E6-06C0-466D-B6C9-63C3459E94CD}.Debug|x86.ActiveCfg = Debug|Any CPU
		{55F6D9E6-06C0-466D-B6C9-63C3459E94CD}.Debug|x86.Build.0 = Debug|Any CPU
		{55F6D9E6-06C0-466D-B6C9-63C3459E94CD}.Release|Any CPU.ActiveCfg = Release|Any CPU
		{55F6D9E6-06C0-466D-B6C9-63C3459E94CD}.Release|Any CPU.Build.0 = Release|Any CPU
		{55F6D9E6-06C0-466D-B6C9-63C3459E94CD}.Release|ARM.ActiveCfg = Release|Any CPU
		{55F6D9E6-06C0-466D-B6C9-63C3459E94CD}.Release|ARM.Build.0 = Release|Any CPU
		{55F6D9E6-06C0-466D-B6C9-63C3459E94CD}.Release|x64.ActiveCfg = Release|Any CPU
		{55F6D9E6-06C0-466D-B6C9-63C3459E94CD}.Release|x64.Build.0 = Release|Any CPU
		{55F6D9E6-06C0-466D-B6C9-63C3459E94CD}.Release|x86.ActiveCfg = Release|Any CPU
		{55F6D9E6-06C0-466D-B6C9-63C3459E94CD}.Release|x86.Build.0 = Release|Any CPU
		{EDA177EE-17D3-4D7A-8B04-698A39365805}.Debug|Any CPU.ActiveCfg = Debug|Any CPU
		{EDA177EE-17D3-4D7A-8B04-698A39365805}.Debug|Any CPU.Build.0 = Debug|Any CPU
		{EDA177EE-17D3-4D7A-8B04-698A39365805}.Debug|ARM.ActiveCfg = Debug|Any CPU
		{EDA177EE-17D3-4D7A-8B04-698A39365805}.Debug|ARM.Build.0 = Debug|Any CPU
		{EDA177EE-17D3-4D7A-8B04-698A39365805}.Debug|x64.ActiveCfg = Debug|Any CPU
		{EDA177EE-17D3-4D7A-8B04-698A39365805}.Debug|x64.Build.0 = Debug|Any CPU
		{EDA177EE-17D3-4D7A-8B04-698A39365805}.Debug|x86.ActiveCfg = Debug|Any CPU
		{EDA177EE-17D3-4D7A-8B04-698A39365805}.Debug|x86.Build.0 = Debug|Any CPU
		{EDA177EE-17D3-4D7A-8B04-698A39365805}.Release|Any CPU.ActiveCfg = Release|Any CPU
		{EDA177EE-17D3-4D7A-8B04-698A39365805}.Release|Any CPU.Build.0 = Release|Any CPU
		{EDA177EE-17D3-4D7A-8B04-698A39365805}.Release|ARM.ActiveCfg = Release|Any CPU
		{EDA177EE-17D3-4D7A-8B04-698A39365805}.Release|ARM.Build.0 = Release|Any CPU
		{EDA177EE-17D3-4D7A-8B04-698A39365805}.Release|x64.ActiveCfg = Release|Any CPU
		{EDA177EE-17D3-4D7A-8B04-698A39365805}.Release|x64.Build.0 = Release|Any CPU
		{EDA177EE-17D3-4D7A-8B04-698A39365805}.Release|x86.ActiveCfg = Release|Any CPU
		{EDA177EE-17D3-4D7A-8B04-698A39365805}.Release|x86.Build.0 = Release|Any CPU
	EndGlobalSection
	GlobalSection(SolutionProperties) = preSolution
		HideSolutionNode = FALSE
	EndGlobalSection
EndGlobal
